{
    "name": "anime-shadows-root",
    "version": "1.0.0",
    "lockfileVersion": 3,
    "requires": true,
    "packages": {
        "": {
            "name": "anime-shadows-root",
            "version": "1.0.0",
            "engines": {
                "node": "21.x"
            }
        }
    }
}
